// !$*UTF8*$!
{
	archiveVersion = 1;
	classes = {
	};
	objectVersion = 46;
	objects = {

/* Begin PBXBuildFile section */
		33373B5B303A453C9D56D97D /* Pods_STUNClient.framework in Frameworks */ = {isa = PBXBuildFile; fileRef = 2371611BFBDD6586F37481B6 /* Pods_STUNClient.framework */; };
		E75517FEFF22E8E2E08323E7 /* Pods_STUNClientTests.framework in Frameworks */ = {isa = PBXBuildFile; fileRef = A3F24A7ABDC1FD48DEAE1699 /* Pods_STUNClientTests.framework */; };
		EB72F9A01E7E7943000FF742 /* AppDelegate.swift in Sources */ = {isa = PBXBuildFile; fileRef = EB72F99F1E7E7943000FF742 /* AppDelegate.swift */; };
		EB72F9A21E7E7943000FF742 /* ViewController.swift in Sources */ = {isa = PBXBuildFile; fileRef = EB72F9A11E7E7943000FF742 /* ViewController.swift */; };
		EB72F9A51E7E7943000FF742 /* Main.storyboard in Resources */ = {isa = PBXBuildFile; fileRef = EB72F9A31E7E7943000FF742 /* Main.storyboard */; };
		EB72F9A71E7E7943000FF742 /* Assets.xcassets in Resources */ = {isa = PBXBuildFile; fileRef = EB72F9A61E7E7943000FF742 /* Assets.xcassets */; };
		EB72F9AA1E7E7943000FF742 /* LaunchScreen.storyboard in Resources */ = {isa = PBXBuildFile; fileRef = EB72F9A81E7E7943000FF742 /* LaunchScreen.storyboard */; };
		EB72F9B51E7E7943000FF742 /* STUNClientTests.swift in Sources */ = {isa = PBXBuildFile; fileRef = EB72F9B41E7E7943000FF742 /* STUNClientTests.swift */; };
		EB72F9C01E7E7943000FF742 /* STUNClientUITests.swift in Sources */ = {isa = PBXBuildFile; fileRef = EB72F9BF1E7E7943000FF742 /* STUNClientUITests.swift */; };
		EB72F9D31E7E7D09000FF742 /* STUNClient.swift in Sources */ = {isa = PBXBuildFile; fileRef = EB72F9D21E7E7D09000FF742 /* STUNClient.swift */; };
/* End PBXBuildFile section */

/* Begin PBXContainerItemProxy section */
		EB72F9B11E7E7943000FF742 /* PBXContainerItemProxy */ = {
			isa = PBXContainerItemProxy;
			containerPortal = EB72F9941E7E7943000FF742 /* Project object */;
			proxyType = 1;
			remoteGlobalIDString = EB72F99B1E7E7943000FF742;
			remoteInfo = STUNClient;
		};
		EB72F9BC1E7E7943000FF742 /* PBXContainerItemProxy */ = {
			isa = PBXContainerItemProxy;
			containerPortal = EB72F9941E7E7943000FF742 /* Project object */;
			proxyType = 1;
			remoteGlobalIDString = EB72F99B1E7E7943000FF742;
			remoteInfo = STUNClient;
		};
/* End PBXContainerItemProxy section */

/* Begin PBXFileReference section */
		108EFB99E69D9F675A1660CF /* Pods-STUNClientTests.release.xcconfig */ = {isa = PBXFileReference; includeInIndex = 1; lastKnownFileType = text.xcconfig; name = "Pods-STUNClientTests.release.xcconfig"; path = "Pods/Target Support Files/Pods-STUNClientTests/Pods-STUNClientTests.release.xcconfig"; sourceTree = "<group>"; };
		2371611BFBDD6586F37481B6 /* Pods_STUNClient.framework */ = {isa = PBXFileReference; explicitFileType = wrapper.framework; includeInIndex = 0; path = Pods_STUNClient.framework; sourceTree = BUILT_PRODUCTS_DIR; };
		5DB42499687561C53E066627 /* Pods-STUNClient.release.xcconfig */ = {isa = PBXFileReference; includeInIndex = 1; lastKnownFileType = text.xcconfig; name = "Pods-STUNClient.release.xcconfig"; path = "Pods/Target Support Files/Pods-STUNClient/Pods-STUNClient.release.xcconfig"; sourceTree = "<group>"; };
		64F33D0F540259EC66E0532D /* Pods-STUNClient.debug.xcconfig */ = {isa = PBXFileReference; includeInIndex = 1; lastKnownFileType = text.xcconfig; name = "Pods-STUNClient.debug.xcconfig"; path = "Pods/Target Support Files/Pods-STUNClient/Pods-STUNClient.debug.xcconfig"; sourceTree = "<group>"; };
		A3F24A7ABDC1FD48DEAE1699 /* Pods_STUNClientTests.framework */ = {isa = PBXFileReference; explicitFileType = wrapper.framework; includeInIndex = 0; path = Pods_STUNClientTests.framework; sourceTree = BUILT_PRODUCTS_DIR; };
		BF41830BC2767DC7C571890D /* Pods-STUNClientTests.debug.xcconfig */ = {isa = PBXFileReference; includeInIndex = 1; lastKnownFileType = text.xcconfig; name = "Pods-STUNClientTests.debug.xcconfig"; path = "Pods/Target Support Files/Pods-STUNClientTests/Pods-STUNClientTests.debug.xcconfig"; sourceTree = "<group>"; };
		EB72F99C1E7E7943000FF742 /* STUNClient.app */ = {isa = PBXFileReference; explicitFileType = wrapper.application; includeInIndex = 0; path = STUNClient.app; sourceTree = BUILT_PRODUCTS_DIR; };
		EB72F99F1E7E7943000FF742 /* AppDelegate.swift */ = {isa = PBXFileReference; lastKnownFileType = sourcecode.swift; path = AppDelegate.swift; sourceTree = "<group>"; };
		EB72F9A11E7E7943000FF742 /* ViewController.swift */ = {isa = PBXFileReference; lastKnownFileType = sourcecode.swift; path = ViewController.swift; sourceTree = "<group>"; };
		EB72F9A41E7E7943000FF742 /* Base */ = {isa = PBXFileReference; lastKnownFileType = file.storyboard; name = Base; path = Base.lproj/Main.storyboard; sourceTree = "<group>"; };
		EB72F9A61E7E7943000FF742 /* Assets.xcassets */ = {isa = PBXFileReference; lastKnownFileType = folder.assetcatalog; path = Assets.xcassets; sourceTree = "<group>"; };
		EB72F9A91E7E7943000FF742 /* Base */ = {isa = PBXFileReference; lastKnownFileType = file.storyboard; name = Base; path = Base.lproj/LaunchScreen.storyboard; sourceTree = "<group>"; };
		EB72F9AB1E7E7943000FF742 /* Info.plist */ = {isa = PBXFileReference; lastKnownFileType = text.plist.xml; path = Info.plist; sourceTree = "<group>"; };
		EB72F9B01E7E7943000FF742 /* STUNClientTests.xctest */ = {isa = PBXFileReference; explicitFileType = wrapper.cfbundle; includeInIndex = 0; path = STUNClientTests.xctest; sourceTree = BUILT_PRODUCTS_DIR; };
		EB72F9B41E7E7943000FF742 /* STUNClientTests.swift */ = {isa = PBXFileReference; lastKnownFileType = sourcecode.swift; path = STUNClientTests.swift; sourceTree = "<group>"; };
		EB72F9B61E7E7943000FF742 /* Info.plist */ = {isa = PBXFileReference; lastKnownFileType = text.plist.xml; path = Info.plist; sourceTree = "<group>"; };
		EB72F9BB1E7E7943000FF742 /* STUNClientUITests.xctest */ = {isa = PBXFileReference; explicitFileType = wrapper.cfbundle; includeInIndex = 0; path = STUNClientUITests.xctest; sourceTree = BUILT_PRODUCTS_DIR; };
		EB72F9BF1E7E7943000FF742 /* STUNClientUITests.swift */ = {isa = PBXFileReference; lastKnownFileType = sourcecode.swift; path = STUNClientUITests.swift; sourceTree = "<group>"; };
		EB72F9C11E7E7943000FF742 /* Info.plist */ = {isa = PBXFileReference; lastKnownFileType = text.plist.xml; path = Info.plist; sourceTree = "<group>"; };
		EB72F9D21E7E7D09000FF742 /* STUNClient.swift */ = {isa = PBXFileReference; fileEncoding = 4; lastKnownFileType = sourcecode.swift; path = STUNClient.swift; sourceTree = "<group>"; };
/* End PBXFileReference section */

/* Begin PBXFrameworksBuildPhase section */
		EB72F9991E7E7943000FF742 /* Frameworks */ = {
			isa = PBXFrameworksBuildPhase;
			buildActionMask = 2147483647;
			files = (
				33373B5B303A453C9D56D97D /* Pods_STUNClient.framework in Frameworks */,
			);
			runOnlyForDeploymentPostprocessing = 0;
		};
		EB72F9AD1E7E7943000FF742 /* Frameworks */ = {
			isa = PBXFrameworksBuildPhase;
			buildActionMask = 2147483647;
			files = (
				E75517FEFF22E8E2E08323E7 /* Pods_STUNClientTests.framework in Frameworks */,
			);
			runOnlyForDeploymentPostprocessing = 0;
		};
		EB72F9B81E7E7943000FF742 /* Frameworks */ = {
			isa = PBXFrameworksBuildPhase;
			buildActionMask = 2147483647;
			files = (
			);
			runOnlyForDeploymentPostprocessing = 0;
		};
/* End PBXFrameworksBuildPhase section */

/* Begin PBXGroup section */
		4919A15E09E696DBCB345858 /* Pods */ = {
			isa = PBXGroup;
			children = (
				64F33D0F540259EC66E0532D /* Pods-STUNClient.debug.xcconfig */,
				5DB42499687561C53E066627 /* Pods-STUNClient.release.xcconfig */,
				BF41830BC2767DC7C571890D /* Pods-STUNClientTests.debug.xcconfig */,
				108EFB99E69D9F675A1660CF /* Pods-STUNClientTests.release.xcconfig */,
			);
			name = Pods;
			sourceTree = "<group>";
		};
		67EBD5A47CB387567E0B5405 /* Frameworks */ = {
			isa = PBXGroup;
			children = (
				2371611BFBDD6586F37481B6 /* Pods_STUNClient.framework */,
				A3F24A7ABDC1FD48DEAE1699 /* Pods_STUNClientTests.framework */,
			);
			name = Frameworks;
			sourceTree = "<group>";
		};
		EB72F9931E7E7943000FF742 = {
			isa = PBXGroup;
			children = (
				EB72F99E1E7E7943000FF742 /* STUNClient */,
				EB72F9B31E7E7943000FF742 /* STUNClientTests */,
				EB72F9BE1E7E7943000FF742 /* STUNClientUITests */,
				EB72F99D1E7E7943000FF742 /* Products */,
				4919A15E09E696DBCB345858 /* Pods */,
				67EBD5A47CB387567E0B5405 /* Frameworks */,
			);
			sourceTree = "<group>";
		};
		EB72F99D1E7E7943000FF742 /* Products */ = {
			isa = PBXGroup;
			children = (
				EB72F99C1E7E7943000FF742 /* STUNClient.app */,
				EB72F9B01E7E7943000FF742 /* STUNClientTests.xctest */,
				EB72F9BB1E7E7943000FF742 /* STUNClientUITests.xctest */,
			);
			name = Products;
			sourceTree = "<group>";
		};
		EB72F99E1E7E7943000FF742 /* STUNClient */ = {
			isa = PBXGroup;
			children = (
				EB72F9CD1E7E7B54000FF742 /* services */,
				EB72F99F1E7E7943000FF742 /* AppDelegate.swift */,
				EB72F9A11E7E7943000FF742 /* ViewController.swift */,
				EB72F9A31E7E7943000FF742 /* Main.storyboard */,
				EB72F9A61E7E7943000FF742 /* Assets.xcassets */,
				EB72F9A81E7E7943000FF742 /* LaunchScreen.storyboard */,
				EB72F9D11E7E7C10000FF742 /* supportingFiles */,
				EB72F9AB1E7E7943000FF742 /* Info.plist */,
			);
			path = STUNClient;
			sourceTree = "<group>";
		};
		EB72F9B31E7E7943000FF742 /* STUNClientTests */ = {
			isa = PBXGroup;
			children = (
				EB72F9B41E7E7943000FF742 /* STUNClientTests.swift */,
				EB72F9B61E7E7943000FF742 /* Info.plist */,
			);
			path = STUNClientTests;
			sourceTree = "<group>";
		};
		EB72F9BE1E7E7943000FF742 /* STUNClientUITests */ = {
			isa = PBXGroup;
			children = (
				EB72F9BF1E7E7943000FF742 /* STUNClientUITests.swift */,
				EB72F9C11E7E7943000FF742 /* Info.plist */,
			);
			path = STUNClientUITests;
			sourceTree = "<group>";
		};
		EB72F9CD1E7E7B54000FF742 /* services */ = {
			isa = PBXGroup;
			children = (
				EB72F9D21E7E7D09000FF742 /* STUNClient.swift */,
			);
			path = services;
			sourceTree = "<group>";
		};
		EB72F9D11E7E7C10000FF742 /* supportingFiles */ = {
			isa = PBXGroup;
			children = (
			);
			path = supportingFiles;
			sourceTree = "<group>";
		};
/* End PBXGroup section */

/* Begin PBXNativeTarget section */
		EB72F99B1E7E7943000FF742 /* STUNClient */ = {
			isa = PBXNativeTarget;
			buildConfigurationList = EB72F9C41E7E7943000FF742 /* Build configuration list for PBXNativeTarget "STUNClient" */;
			buildPhases = (
				C616D02B3A074708C864BDA4 /* [CP] Check Pods Manifest.lock */,
				EB72F9981E7E7943000FF742 /* Sources */,
				EB72F9991E7E7943000FF742 /* Frameworks */,
				EB72F99A1E7E7943000FF742 /* Resources */,
				15FFFE5867233529E2A9286C /* [CP] Embed Pods Frameworks */,
				FBE9BF0AEBB144B1F5DEE60C /* [CP] Copy Pods Resources */,
			);
			buildRules = (
			);
			dependencies = (
			);
			name = STUNClient;
			productName = STUNClient;
			productReference = EB72F99C1E7E7943000FF742 /* STUNClient.app */;
			productType = "com.apple.product-type.application";
		};
		EB72F9AF1E7E7943000FF742 /* STUNClientTests */ = {
			isa = PBXNativeTarget;
			buildConfigurationList = EB72F9C71E7E7943000FF742 /* Build configuration list for PBXNativeTarget "STUNClientTests" */;
			buildPhases = (
				BB4FDD6AFAE1B8A2D16951F1 /* [CP] Check Pods Manifest.lock */,
				EB72F9AC1E7E7943000FF742 /* Sources */,
				EB72F9AD1E7E7943000FF742 /* Frameworks */,
				EB72F9AE1E7E7943000FF742 /* Resources */,
				2A25167AEBCF001C9246919F /* [CP] Embed Pods Frameworks */,
				9D39EC220EE9BAD942905EB1 /* [CP] Copy Pods Resources */,
			);
			buildRules = (
			);
			dependencies = (
				EB72F9B21E7E7943000FF742 /* PBXTargetDependency */,
			);
			name = STUNClientTests;
			productName = STUNClientTests;
			productReference = EB72F9B01E7E7943000FF742 /* STUNClientTests.xctest */;
			productType = "com.apple.product-type.bundle.unit-test";
		};
		EB72F9BA1E7E7943000FF742 /* STUNClientUITests */ = {
			isa = PBXNativeTarget;
			buildConfigurationList = EB72F9CA1E7E7943000FF742 /* Build configuration list for PBXNativeTarget "STUNClientUITests" */;
			buildPhases = (
				EB72F9B71E7E7943000FF742 /* Sources */,
				EB72F9B81E7E7943000FF742 /* Frameworks */,
				EB72F9B91E7E7943000FF742 /* Resources */,
			);
			buildRules = (
			);
			dependencies = (
				EB72F9BD1E7E7943000FF742 /* PBXTargetDependency */,
			);
			name = STUNClientUITests;
			productName = STUNClientUITests;
			productReference = EB72F9BB1E7E7943000FF742 /* STUNClientUITests.xctest */;
			productType = "com.apple.product-type.bundle.ui-testing";
		};
/* End PBXNativeTarget section */

/* Begin PBXProject section */
		EB72F9941E7E7943000FF742 /* Project object */ = {
			isa = PBXProject;
			attributes = {
				LastSwiftUpdateCheck = 0820;
				LastUpgradeCheck = 0820;
				ORGANIZATIONNAME = MadMag;
				TargetAttributes = {
					EB72F99B1E7E7943000FF742 = {
						CreatedOnToolsVersion = 8.2.1;
						DevelopmentTeam = LSJ5F44286;
						ProvisioningStyle = Automatic;
					};
					EB72F9AF1E7E7943000FF742 = {
						CreatedOnToolsVersion = 8.2.1;
						DevelopmentTeam = STZB53GU8R;
						ProvisioningStyle = Automatic;
						TestTargetID = EB72F99B1E7E7943000FF742;
					};
					EB72F9BA1E7E7943000FF742 = {
						CreatedOnToolsVersion = 8.2.1;
						DevelopmentTeam = STZB53GU8R;
						ProvisioningStyle = Automatic;
						TestTargetID = EB72F99B1E7E7943000FF742;
					};
				};
			};
			buildConfigurationList = EB72F9971E7E7943000FF742 /* Build configuration list for PBXProject "STUNClient" */;
			compatibilityVersion = "Xcode 3.2";
			developmentRegion = English;
			hasScannedForEncodings = 0;
			knownRegions = (
				en,
				Base,
			);
			mainGroup = EB72F9931E7E7943000FF742;
			productRefGroup = EB72F99D1E7E7943000FF742 /* Products */;
			projectDirPath = "";
			projectRoot = "";
			targets = (
				EB72F99B1E7E7943000FF742 /* STUNClient */,
				EB72F9AF1E7E7943000FF742 /* STUNClientTests */,
				EB72F9BA1E7E7943000FF742 /* STUNClientUITests */,
			);
		};
/* End PBXProject section */

/* Begin PBXResourcesBuildPhase section */
		EB72F99A1E7E7943000FF742 /* Resources */ = {
			isa = PBXResourcesBuildPhase;
			buildActionMask = 2147483647;
			files = (
				EB72F9AA1E7E7943000FF742 /* LaunchScreen.storyboard in Resources */,
				EB72F9A71E7E7943000FF742 /* Assets.xcassets in Resources */,
				EB72F9A51E7E7943000FF742 /* Main.storyboard in Resources */,
			);
			runOnlyForDeploymentPostprocessing = 0;
		};
		EB72F9AE1E7E7943000FF742 /* Resources */ = {
			isa = PBXResourcesBuildPhase;
			buildActionMask = 2147483647;
			files = (
			);
			runOnlyForDeploymentPostprocessing = 0;
		};
		EB72F9B91E7E7943000FF742 /* Resources */ = {
			isa = PBXResourcesBuildPhase;
			buildActionMask = 2147483647;
			files = (
			);
			runOnlyForDeploymentPostprocessing = 0;
		};
/* End PBXResourcesBuildPhase section */

/* Begin PBXShellScriptBuildPhase section */
		15FFFE5867233529E2A9286C /* [CP] Embed Pods Frameworks */ = {
			isa = PBXShellScriptBuildPhase;
			buildActionMask = 2147483647;
			files = (
			);
			inputPaths = (
			);
			name = "[CP] Embed Pods Frameworks";
			outputPaths = (
			);
			runOnlyForDeploymentPostprocessing = 0;
			shellPath = /bin/sh;
			shellScript = "\"${SRCROOT}/Pods/Target Support Files/Pods-STUNClient/Pods-STUNClient-frameworks.sh\"\n";
			showEnvVarsInLog = 0;
		};
		2A25167AEBCF001C9246919F /* [CP] Embed Pods Frameworks */ = {
			isa = PBXShellScriptBuildPhase;
			buildActionMask = 2147483647;
			files = (
			);
			inputPaths = (
			);
			name = "[CP] Embed Pods Frameworks";
			outputPaths = (
			);
			runOnlyForDeploymentPostprocessing = 0;
			shellPath = /bin/sh;
			shellScript = "\"${SRCROOT}/Pods/Target Support Files/Pods-STUNClientTests/Pods-STUNClientTests-frameworks.sh\"\n";
			showEnvVarsInLog = 0;
		};
		9D39EC220EE9BAD942905EB1 /* [CP] Copy Pods Resources */ = {
			isa = PBXShellScriptBuildPhase;
			buildActionMask = 2147483647;
			files = (
			);
			inputPaths = (
			);
			name = "[CP] Copy Pods Resources";
			outputPaths = (
			);
			runOnlyForDeploymentPostprocessing = 0;
			shellPath = /bin/sh;
			shellScript = "\"${SRCROOT}/Pods/Target Support Files/Pods-STUNClientTests/Pods-STUNClientTests-resources.sh\"\n";
			showEnvVarsInLog = 0;
		};
		BB4FDD6AFAE1B8A2D16951F1 /* [CP] Check Pods Manifest.lock */ = {
			isa = PBXShellScriptBuildPhase;
			buildActionMask = 2147483647;
			files = (
			);
			inputPaths = (
			);
			name = "[CP] Check Pods Manifest.lock";
			outputPaths = (
			);
			runOnlyForDeploymentPostprocessing = 0;
			shellPath = /bin/sh;
			shellScript = "diff \"${PODS_ROOT}/../Podfile.lock\" \"${PODS_ROOT}/Manifest.lock\" > /dev/null\nif [ $? != 0 ] ; then\n    # print error to STDERR\n    echo \"error: The sandbox is not in sync with the Podfile.lock. Run 'pod install' or update your CocoaPods installation.\" >&2\n    exit 1\nfi\n";
			showEnvVarsInLog = 0;
		};
		C616D02B3A074708C864BDA4 /* [CP] Check Pods Manifest.lock */ = {
			isa = PBXShellScriptBuildPhase;
			buildActionMask = 2147483647;
			files = (
			);
			inputPaths = (
			);
			name = "[CP] Check Pods Manifest.lock";
			outputPaths = (
			);
			runOnlyForDeploymentPostprocessing = 0;
			shellPath = /bin/sh;
			shellScript = "diff \"${PODS_ROOT}/../Podfile.lock\" \"${PODS_ROOT}/Manifest.lock\" > /dev/null\nif [ $? != 0 ] ; then\n    # print error to STDERR\n    echo \"error: The sandbox is not in sync with the Podfile.lock. Run 'pod install' or update your CocoaPods installation.\" >&2\n    exit 1\nfi\n";
			showEnvVarsInLog = 0;
		};
		FBE9BF0AEBB144B1F5DEE60C /* [CP] Copy Pods Resources */ = {
			isa = PBXShellScriptBuildPhase;
			buildActionMask = 2147483647;
			files = (
			);
			inputPaths = (
			);
			name = "[CP] Copy Pods Resources";
			outputPaths = (
			);
			runOnlyForDeploymentPostprocessing = 0;
			shellPath = /bin/sh;
			shellScript = "\"${SRCROOT}/Pods/Target Support Files/Pods-STUNClient/Pods-STUNClient-resources.sh\"\n";
			showEnvVarsInLog = 0;
		};
/* End PBXShellScriptBuildPhase section */

/* Begin PBXSourcesBuildPhase section */
		EB72F9981E7E7943000FF742 /* Sources */ = {
			isa = PBXSourcesBuildPhase;
			buildActionMask = 2147483647;
			files = (
				EB72F9D31E7E7D09000FF742 /* STUNClient.swift in Sources */,
				EB72F9A21E7E7943000FF742 /* ViewController.swift in Sources */,
				EB72F9A01E7E7943000FF742 /* AppDelegate.swift in Sources */,
			);
			runOnlyForDeploymentPostprocessing = 0;
		};
		EB72F9AC1E7E7943000FF742 /* Sources */ = {
			isa = PBXSourcesBuildPhase;
			buildActionMask = 2147483647;
			files = (
				EB72F9B51E7E7943000FF742 /* STUNClientTests.swift in Sources */,
			);
			runOnlyForDeploymentPostprocessing = 0;
		};
		EB72F9B71E7E7943000FF742 /* Sources */ = {
			isa = PBXSourcesBuildPhase;
			buildActionMask = 2147483647;
			files = (
				EB72F9C01E7E7943000FF742 /* STUNClientUITests.swift in Sources */,
			);
			runOnlyForDeploymentPostprocessing = 0;
		};
/* End PBXSourcesBuildPhase section */

/* Begin PBXTargetDependency section */
		EB72F9B21E7E7943000FF742 /* PBXTargetDependency */ = {
			isa = PBXTargetDependency;
			target = EB72F99B1E7E7943000FF742 /* STUNClient */;
			targetProxy = EB72F9B11E7E7943000FF742 /* PBXContainerItemProxy */;
		};
		EB72F9BD1E7E7943000FF742 /* PBXTargetDependency */ = {
			isa = PBXTargetDependency;
			target = EB72F99B1E7E7943000FF742 /* STUNClient */;
			targetProxy = EB72F9BC1E7E7943000FF742 /* PBXContainerItemProxy */;
		};
/* End PBXTargetDependency section */

/* Begin PBXVariantGroup section */
		EB72F9A31E7E7943000FF742 /* Main.storyboard */ = {
			isa = PBXVariantGroup;
			children = (
				EB72F9A41E7E7943000FF742 /* Base */,
			);
			name = Main.storyboard;
			sourceTree = "<group>";
		};
		EB72F9A81E7E7943000FF742 /* LaunchScreen.storyboard */ = {
			isa = PBXVariantGroup;
			children = (
				EB72F9A91E7E7943000FF742 /* Base */,
			);
			name = LaunchScreen.storyboard;
			sourceTree = "<group>";
		};
/* End PBXVariantGroup section */

/* Begin XCBuildConfiguration section */
		EB72F9C21E7E7943000FF742 /* Debug */ = {
			isa = XCBuildConfiguration;
			buildSettings = {
				ALWAYS_SEARCH_USER_PATHS = NO;
				CLANG_ANALYZER_NONNULL = YES;
				CLANG_CXX_LANGUAGE_STANDARD = "gnu++0x";
				CLANG_CXX_LIBRARY = "libc++";
				CLANG_ENABLE_MODULES = YES;
				CLANG_ENABLE_OBJC_ARC = YES;
				CLANG_WARN_BOOL_CONVERSION = YES;
				CLANG_WARN_CONSTANT_CONVERSION = YES;
				CLANG_WARN_DIRECT_OBJC_ISA_USAGE = YES_ERROR;
				CLANG_WARN_DOCUMENTATION_COMMENTS = YES;
				CLANG_WARN_EMPTY_BODY = YES;
				CLANG_WARN_ENUM_CONVERSION = YES;
				CLANG_WARN_INFINITE_RECURSION = YES;
				CLANG_WARN_INT_CONVERSION = YES;
				CLANG_WARN_OBJC_ROOT_CLASS = YES_ERROR;
				CLANG_WARN_SUSPICIOUS_MOVE = YES;
				CLANG_WARN_UNREACHABLE_CODE = YES;
				CLANG_WARN__DUPLICATE_METHOD_MATCH = YES;
				"CODE_SIGN_IDENTITY[sdk=iphoneos*]" = "iPhone Developer";
				COPY_PHASE_STRIP = NO;
				DEBUG_INFORMATION_FORMAT = dwarf;
				ENABLE_STRICT_OBJC_MSGSEND = YES;
				ENABLE_TESTABILITY = YES;
				GCC_C_LANGUAGE_STANDARD = gnu99;
				GCC_DYNAMIC_NO_PIC = NO;
				GCC_NO_COMMON_BLOCKS = YES;
				GCC_OPTIMIZATION_LEVEL = 0;
				GCC_PREPROCESSOR_DEFINITIONS = (
					"DEBUG=1",
					"$(inherited)",
				);
				GCC_WARN_64_TO_32_BIT_CONVERSION = YES;
				GCC_WARN_ABOUT_RETURN_TYPE = YES_ERROR;
				GCC_WARN_UNDECLARED_SELECTOR = YES;
				GCC_WARN_UNINITIALIZED_AUTOS = YES_AGGRESSIVE;
				GCC_WARN_UNUSED_FUNCTION = YES;
				GCC_WARN_UNUSED_VARIABLE = YES;
				IPHONEOS_DEPLOYMENT_TARGET = 10.2;
				MTL_ENABLE_DEBUG_INFO = YES;
				ONLY_ACTIVE_ARCH = YES;
				SDKROOT = iphoneos;
				SWIFT_ACTIVE_COMPILATION_CONDITIONS = DEBUG;
				SWIFT_OPTIMIZATION_LEVEL = "-Onone";
			};
			name = Debug;
		};
		EB72F9C31E7E7943000FF742 /* Release */ = {
			isa = XCBuildConfiguration;
			buildSettings = {
				ALWAYS_SEARCH_USER_PATHS = NO;
				CLANG_ANALYZER_NONNULL = YES;
				CLANG_CXX_LANGUAGE_STANDARD = "gnu++0x";
				CLANG_CXX_LIBRARY = "libc++";
				CLANG_ENABLE_MODULES = YES;
				CLANG_ENABLE_OBJC_ARC = YES;
				CLANG_WARN_BOOL_CONVERSION = YES;
				CLANG_WARN_CONSTANT_CONVERSION = YES;
				CLANG_WARN_DIRECT_OBJC_ISA_USAGE = YES_ERROR;
				CLANG_WARN_DOCUMENTATION_COMMENTS = YES;
				CLANG_WARN_EMPTY_BODY = YES;
				CLANG_WARN_ENUM_CONVERSION = YES;
				CLANG_WARN_INFINITE_RECURSION = YES;
				CLANG_WARN_INT_CONVERSION = YES;
				CLANG_WARN_OBJC_ROOT_CLASS = YES_ERROR;
				CLANG_WARN_SUSPICIOUS_MOVE = YES;
				CLANG_WARN_UNREACHABLE_CODE = YES;
				CLANG_WARN__DUPLICATE_METHOD_MATCH = YES;
				"CODE_SIGN_IDENTITY[sdk=iphoneos*]" = "iPhone Developer";
				COPY_PHASE_STRIP = NO;
				DEBUG_INFORMATION_FORMAT = "dwarf-with-dsym";
				ENABLE_NS_ASSERTIONS = NO;
				ENABLE_STRICT_OBJC_MSGSEND = YES;
				GCC_C_LANGUAGE_STANDARD = gnu99;
				GCC_NO_COMMON_BLOCKS = YES;
				GCC_WARN_64_TO_32_BIT_CONVERSION = YES;
				GCC_WARN_ABOUT_RETURN_TYPE = YES_ERROR;
				GCC_WARN_UNDECLARED_SELECTOR = YES;
				GCC_WARN_UNINITIALIZED_AUTOS = YES_AGGRESSIVE;
				GCC_WARN_UNUSED_FUNCTION = YES;
				GCC_WARN_UNUSED_VARIABLE = YES;
				IPHONEOS_DEPLOYMENT_TARGET = 10.2;
				MTL_ENABLE_DEBUG_INFO = NO;
				SDKROOT = iphoneos;
				SWIFT_OPTIMIZATION_LEVEL = "-Owholemodule";
				VALIDATE_PRODUCT = YES;
			};
			name = Release;
		};
		EB72F9C51E7E7943000FF742 /* Debug */ = {
			isa = XCBuildConfiguration;
			baseConfigurationReference = 64F33D0F540259EC66E0532D /* Pods-STUNClient.debug.xcconfig */;
			buildSettings = {
				ASSETCATALOG_COMPILER_APPICON_NAME = AppIcon;
				"CODE_SIGN_IDENTITY[sdk=iphoneos*]" = "iPhone Developer";
				DEVELOPMENT_TEAM = LSJ5F44286;
				INFOPLIST_FILE = STUNClient/Info.plist;
				IPHONEOS_DEPLOYMENT_TARGET = 9.0;
				LD_RUNPATH_SEARCH_PATHS = "$(inherited) @executable_path/Frameworks";
				PRODUCT_BUNDLE_IDENTIFIER = com.MadMag.STUNClient;
				PRODUCT_NAME = "$(TARGET_NAME)";
				SWIFT_VERSION = 3.0;
			};
			name = Debug;
		};
		EB72F9C61E7E7943000FF742 /* Release */ = {
			isa = XCBuildConfiguration;
			baseConfigurationReference = 5DB42499687561C53E066627 /* Pods-STUNClient.release.xcconfig */;
			buildSettings = {
				ASSETCATALOG_COMPILER_APPICON_NAME = AppIcon;
				"CODE_SIGN_IDENTITY[sdk=iphoneos*]" = "iPhone Developer";
				DEVELOPMENT_TEAM = LSJ5F44286;
				INFOPLIST_FILE = STUNClient/Info.plist;
				IPHONEOS_DEPLOYMENT_TARGET = 9.0;
				LD_RUNPATH_SEARCH_PATHS = "$(inherited) @executable_path/Frameworks";
				PRODUCT_BUNDLE_IDENTIFIER = com.MadMag.STUNClient;
				PRODUCT_NAME = "$(TARGET_NAME)";
				SWIFT_VERSION = 3.0;
			};
			name = Release;
		};
		EB72F9C81E7E7943000FF742 /* Debug */ = {
			isa = XCBuildConfiguration;
			baseConfigurationReference = BF41830BC2767DC7C571890D /* Pods-STUNClientTests.debug.xcconfig */;
			buildSettings = {
				ALWAYS_EMBED_SWIFT_STANDARD_LIBRARIES = YES;
				BUNDLE_LOADER = "$(TEST_HOST)";
				DEVELOPMENT_TEAM = STZB53GU8R;
				INFOPLIST_FILE = STUNClientTests/Info.plist;
				LD_RUNPATH_SEARCH_PATHS = "$(inherited) @executable_path/Frameworks @loader_path/Frameworks";
				PRODUCT_BUNDLE_IDENTIFIER = "com.-MadMag.STUNClientTests";
				PRODUCT_NAME = "$(TARGET_NAME)";
				SWIFT_VERSION = 3.0;
				TEST_HOST = "$(BUILT_PRODUCTS_DIR)/STUNClient.app/STUNClient";
			};
			name = Debug;
		};
		EB72F9C91E7E7943000FF742 /* Release */ = {
			isa = XCBuildConfiguration;
			baseConfigurationReference = 108EFB99E69D9F675A1660CF /* Pods-STUNClientTests.release.xcconfig */;
			buildSettings = {
				ALWAYS_EMBED_SWIFT_STANDARD_LIBRARIES = YES;
				BUNDLE_LOADER = "$(TEST_HOST)";
				DEVELOPMENT_TEAM = STZB53GU8R;
				INFOPLIST_FILE = STUNClientTests/Info.plist;
				LD_RUNPATH_SEARCH_PATHS = "$(inherited) @executable_path/Frameworks @loader_path/Frameworks";
				PRODUCT_BUNDLE_IDENTIFIER = "com.-MadMag.STUNClientTests";
				PRODUCT_NAME = "$(TARGET_NAME)";
				SWIFT_VERSION = 3.0;
				TEST_HOST = "$(BUILT_PRODUCTS_DIR)/STUNClient.app/STUNClient";
			};
			name = Release;
		};
		EB72F9CB1E7E7943000FF742 /* Debug */ = {
			isa = XCBuildConfiguration;
			buildSettings = {
				ALWAYS_EMBED_SWIFT_STANDARD_LIBRARIES = YES;
				DEVELOPMENT_TEAM = STZB53GU8R;
				INFOPLIST_FILE = STUNClientUITests/Info.plist;
				LD_RUNPATH_SEARCH_PATHS = "$(inherited) @executable_path/Frameworks @loader_path/Frameworks";
				PRODUCT_BUNDLE_IDENTIFIER = "com.-MadMag.STUNClientUITests";
				PRODUCT_NAME = "$(TARGET_NAME)";
				SWIFT_VERSION = 3.0;
				TEST_TARGET_NAME = STUNClient;
			};
			name = Debug;
		};
		EB72F9CC1E7E7943000FF742 /* Release */ = {
			isa = XCBuildConfiguration;
			buildSettings = {
				ALWAYS_EMBED_SWIFT_STANDARD_LIBRARIES = YES;
				DEVELOPMENT_TEAM = STZB53GU8R;
				INFOPLIST_FILE = STUNClientUITests/Info.plist;
				LD_RUNPATH_SEARCH_PATHS = "$(inherited) @executable_path/Frameworks @loader_path/Frameworks";
				PRODUCT_BUNDLE_IDENTIFIER = "com.-MadMag.STUNClientUITests";
				PRODUCT_NAME = "$(TARGET_NAME)";
				SWIFT_VERSION = 3.0;
				TEST_TARGET_NAME = STUNClient;
			};
			name = Release;
		};
/* End XCBuildConfiguration section */

/* Begin XCConfigurationList section */
		EB72F9971E7E7943000FF742 /* Build configuration list for PBXProject "STUNClient" */ = {
			isa = XCConfigurationList;
			buildConfigurations = (
				EB72F9C21E7E7943000FF742 /* Debug */,
				EB72F9C31E7E7943000FF742 /* Release */,
			);
			defaultConfigurationIsVisible = 0;
			defaultConfigurationName = Release;
		};
		EB72F9C41E7E7943000FF742 /* Build configuration list for PBXNativeTarget "STUNClient" */ = {
			isa = XCConfigurationList;
			buildConfigurations = (
				EB72F9C51E7E7943000FF742 /* Debug */,
				EB72F9C61E7E7943000FF742 /* Release */,
			);
			defaultConfigurationIsVisible = 0;
			defaultConfigurationName = Release;
		};
		EB72F9C71E7E7943000FF742 /* Build configuration list for PBXNativeTarget "STUNClientTests" */ = {
			isa = XCConfigurationList;
			buildConfigurations = (
				EB72F9C81E7E7943000FF742 /* Debug */,
				EB72F9C91E7E7943000FF742 /* Release */,
			);
			defaultConfigurationIsVisible = 0;
			defaultConfigurationName = Release;
		};
		EB72F9CA1E7E7943000FF742 /* Build configuration list for PBXNativeTarget "STUNClientUITests" */ = {
			isa = XCConfigurationList;
			buildConfigurations = (
				EB72F9CB1E7E7943000FF742 /* Debug */,
				EB72F9CC1E7E7943000FF742 /* Release */,
			);
			defaultConfigurationIsVisible = 0;
			defaultConfigurationName = Release;
		};
/* End XCConfigurationList section */
	};
	rootObject = EB72F9941E7E7943000FF742 /* Project object */;
}
